<?xml version="1.0" encoding="utf-8"?>
<Project ToolsVersion="4.0" xmlns="http://schemas.microsoft.com/developer/msbuild/2003">
  <ItemGroup>
    <Filter Include="Source Files">
      <UniqueIdentifier>{4FC737F1-C7A5-4376-A066-2A32D752A2FF}</UniqueIdentifier>
      <Extensions>cpp;c;cc;cxx;def;odl;idl;hpj;bat;asm;asmx</Extensions>
    </Filter>
    <Filter Include="Header Files">
      <UniqueIdentifier>{93995380-89BD-4b04-88EB-625FBE52EBFB}</UniqueIdentifier>
      <Extensions>h;hh;hpp;hxx;hm;inl;inc;xsd</Extensions>
    </Filter>
    <Filter Include="Resource Files">
      <UniqueIdentifier>{67DA6AB6-F800-4c08-8B7A-83BB121AAD01}</UniqueIdentifier>
      <Extensions>rc;ico;cur;bmp;dlg;rc2;rct;bin;rgs;gif;jpg;jpeg;jpe;resx;tiff;tif;png;wav;mfcribbon-ms</Extensions>
    </Filter>
    <Filter Include="Source Files\common">
      <UniqueIdentifier>{125efd60-1d39-4fa6-a76d-44852f3cb42c}</UniqueIdentifier>
    </Filter>
    <Filter Include="Source Files\shared">
      <UniqueIdentifier>{9dc44aba-cf5e-498f-909f-9e2f7f0405bc}</UniqueIdentifier>
    </Filter>
    <Filter Include="Source Files\common\net">
      <UniqueIdentifier>{dc0830c5-f53a-48e3-b69f-cca67d77b67a}</UniqueIdentifier>
    </Filter>
    <Filter Include="Source Files\client">
      <UniqueIdentifier>{a340a4f3-9223-4b4c-9fbd-87d52400f76d}</UniqueIdentifier>
    </Filter>
    <Filter Include="Source Files\client\sound">
      <UniqueIdentifier>{640d42b6-d872-4fbc-a549-1e6b779e9910}</UniqueIdentifier>
    </Filter>
    <Filter Include="Source Files\refresh">
      <UniqueIdentifier>{7c6781c8-1304-464e-86a9-925454eba88a}</UniqueIdentifier>
    </Filter>
    <Filter Include="Source Files\server">
      <UniqueIdentifier>{44fe9d90-2df5-4bd2-945a-b3e74987cd51}</UniqueIdentifier>
    </Filter>
    <Filter Include="Source Files\client\ui">
      <UniqueIdentifier>{1c894627-2331-4874-a850-5cc212b1c025}</UniqueIdentifier>
    </Filter>
    <Filter Include="Source Files\windows">
      <UniqueIdentifier>{3434d193-4013-48a8-ad53-88d94d2c2750}</UniqueIdentifier>
    </Filter>
    <Filter Include="Source Files\client\sound\qal">
      <UniqueIdentifier>{11465b71-ccdf-419d-bd13-f455fbca9a5a}</UniqueIdentifier>
    </Filter>
    <Filter Include="Source Files\sdl">
      <UniqueIdentifier>{90ccdc9a-6478-4ead-8f02-9529a4a618a9}</UniqueIdentifier>
    </Filter>
    <Filter Include="Header Files\client">
      <UniqueIdentifier>{1df1245c-fff6-4ef7-a6b1-9d67a68ce6e9}</UniqueIdentifier>
    </Filter>
    <Filter Include="Header Files\client\sound">
      <UniqueIdentifier>{9f62b65c-b9b9-4679-b6c7-ff2b5e674037}</UniqueIdentifier>
    </Filter>
    <Filter Include="Header Files\common">
      <UniqueIdentifier>{69830aae-cdf2-43c2-ba62-7714fbc3a96c}</UniqueIdentifier>
    </Filter>
    <Filter Include="Header Files\common\net">
      <UniqueIdentifier>{16fba3c7-fcff-4c3b-a1a5-28bf9c2da9fc}</UniqueIdentifier>
    </Filter>
    <Filter Include="Header Files\format">
      <UniqueIdentifier>{24002957-0eb2-424a-9de1-7d7fdc55c087}</UniqueIdentifier>
    </Filter>
    <Filter Include="Header Files\refresh">
      <UniqueIdentifier>{aaf1ad5f-f292-4227-b7c2-806ae768ee4a}</UniqueIdentifier>
    </Filter>
    <Filter Include="Header Files\server">
      <UniqueIdentifier>{9851b001-b1b1-4e9a-a935-eb4cb865c7d9}</UniqueIdentifier>
    </Filter>
    <Filter Include="Header Files\shared">
      <UniqueIdentifier>{09118fa1-e319-4efb-869e-e96afbf84298}</UniqueIdentifier>
    </Filter>
    <Filter Include="Header Files\system">
      <UniqueIdentifier>{a4d5dc00-84c3-42a8-9f08-025091c8b512}</UniqueIdentifier>
    </Filter>
    <Filter Include="Source Files\format">
      <UniqueIdentifier>{cc8db4b0-09aa-47e2-9b8e-7a52709971c0}</UniqueIdentifier>
    </Filter>
  </ItemGroup>
  <ItemGroup>
    <ResourceCompile Include="..\src\windows\res\q2pro.rc">
      <Filter>Resource Files</Filter>
    </ResourceCompile>
  </ItemGroup>
  <ItemGroup>
    <Image Include="..\src\windows\res\q2pro.ico">
      <Filter>Resource Files</Filter>
    </Image>
  </ItemGroup>
  <ItemGroup>
    <ClCompile Include="..\src\common\bsp.c">
      <Filter>Source Files\common</Filter>
    </ClCompile>
    <ClCompile Include="..\src\common\cmd.c">
      <Filter>Source Files\common</Filter>
    </ClCompile>
    <ClCompile Include="..\src\common\cmodel.c">
      <Filter>Source Files\common</Filter>
    </ClCompile>
    <ClCompile Include="..\src\common\common.c">
      <Filter>Source Files\common</Filter>
    </ClCompile>
    <ClCompile Include="..\src\common\cvar.c">
      <Filter>Source Files\common</Filter>
    </ClCompile>
    <ClCompile Include="..\src\common\error.c">
      <Filter>Source Files\common</Filter>
    </ClCompile>
    <ClCompile Include="..\src\common\field.c">
      <Filter>Source Files\common</Filter>
    </ClCompile>
    <ClCompile Include="..\src\common\fifo.c">
      <Filter>Source Files\common</Filter>
    </ClCompile>
    <ClCompile Include="..\src\common\files.c">
      <Filter>Source Files\common</Filter>
    </ClCompile>
    <ClCompile Include="..\src\common\math.c">
      <Filter>Source Files\common</Filter>
    </ClCompile>
    <ClCompile Include="..\src\common\mdfour.c">
      <Filter>Source Files\common</Filter>
    </ClCompile>
    <ClCompile Include="..\src\common\msg.c">
      <Filter>Source Files\common</Filter>
    </ClCompile>
    <ClCompile Include="..\src\common\pmove.c">
      <Filter>Source Files\common</Filter>
    </ClCompile>
    <ClCompile Include="..\src\common\prompt.c">
      <Filter>Source Files\common</Filter>
    </ClCompile>
    <ClCompile Include="..\src\common\sizebuf.c">
      <Filter>Source Files\common</Filter>
    </ClCompile>
    <ClCompile Include="..\src\common\utils.c">
      <Filter>Source Files\common</Filter>
    </ClCompile>
    <ClCompile Include="..\src\common\zone.c">
      <Filter>Source Files\common</Filter>
    </ClCompile>
    <ClCompile Include="..\src\common\net\chan.c">
      <Filter>Source Files\common\net</Filter>
    </ClCompile>
    <ClCompile Include="..\src\common\net\net.c">
      <Filter>Source Files\common\net</Filter>
    </ClCompile>
    <ClCompile Include="..\src\shared\m_flash.c">
      <Filter>Source Files\shared</Filter>
    </ClCompile>
    <ClCompile Include="..\src\shared\shared.c">
      <Filter>Source Files\shared</Filter>
    </ClCompile>
    <ClCompile Include="..\src\client\console.c">
      <Filter>Source Files\client</Filter>
    </ClCompile>
    <ClCompile Include="..\src\client\crc.c">
      <Filter>Source Files\client</Filter>
    </ClCompile>
    <ClCompile Include="..\src\client\effects.c">
      <Filter>Source Files\client</Filter>
    </ClCompile>
    <ClCompile Include="..\src\client\input.c">
      <Filter>Source Files\client</Filter>
    </ClCompile>
    <ClCompile Include="..\src\client\keys.c">
      <Filter>Source Files\client</Filter>
    </ClCompile>
    <ClCompile Include="..\src\client\locs.c">
      <Filter>Source Files\client</Filter>
    </ClCompile>
    <ClCompile Include="..\src\client\newfx.c">
      <Filter>Source Files\client</Filter>
    </ClCompile>
    <ClCompile Include="..\src\client\parse.c">
      <Filter>Source Files\client</Filter>
    </ClCompile>
    <ClCompile Include="..\src\client\precache.c">
      <Filter>Source Files\client</Filter>
    </ClCompile>
    <ClCompile Include="..\src\client\predict.c">
      <Filter>Source Files\client</Filter>
    </ClCompile>
    <ClCompile Include="..\src\client\refresh.c">
      <Filter>Source Files\client</Filter>
    </ClCompile>
    <ClCompile Include="..\src\client\screen.c">
      <Filter>Source Files\client</Filter>
    </ClCompile>
    <ClCompile Include="..\src\client\tent.c">
      <Filter>Source Files\client</Filter>
    </ClCompile>
    <ClCompile Include="..\src\client\view.c">
      <Filter>Source Files\client</Filter>
    </ClCompile>
    <ClCompile Include="..\src\client\sound\mem.c">
      <Filter>Source Files\client\sound</Filter>
    </ClCompile>
    <ClCompile Include="..\src\server\commands.c">
      <Filter>Source Files\server</Filter>
    </ClCompile>
    <ClCompile Include="..\src\server\entities.c">
      <Filter>Source Files\server</Filter>
    </ClCompile>
    <ClCompile Include="..\src\server\game.c">
      <Filter>Source Files\server</Filter>
    </ClCompile>
    <ClCompile Include="..\src\server\init.c">
      <Filter>Source Files\server</Filter>
    </ClCompile>
    <ClCompile Include="..\src\server\save.c">
      <Filter>Source Files\server</Filter>
    </ClCompile>
    <ClCompile Include="..\src\server\send.c">
      <Filter>Source Files\server</Filter>
    </ClCompile>
    <ClCompile Include="..\src\server\user.c">
      <Filter>Source Files\server</Filter>
    </ClCompile>
    <ClCompile Include="..\src\server\world.c">
      <Filter>Source Files\server</Filter>
    </ClCompile>
    <ClCompile Include="..\src\client\ui\menu.c">
      <Filter>Source Files\client\ui</Filter>
    </ClCompile>
    <ClCompile Include="..\src\client\ui\playerconfig.c">
      <Filter>Source Files\client\ui</Filter>
    </ClCompile>
    <ClCompile Include="..\src\client\ui\playermodels.c">
      <Filter>Source Files\client\ui</Filter>
    </ClCompile>
    <ClCompile Include="..\src\client\ui\script.c">
      <Filter>Source Files\client\ui</Filter>
    </ClCompile>
    <ClCompile Include="..\src\client\ui\servers.c">
      <Filter>Source Files\client\ui</Filter>
    </ClCompile>
    <ClCompile Include="..\src\client\ui\ui.c">
      <Filter>Source Files\client\ui</Filter>
    </ClCompile>
    <ClCompile Include="..\src\common\nav.c">
      <Filter>Source Files\common</Filter>
    </ClCompile>
    <ClCompile Include="..\src\client\client_nav.c">
      <Filter>Source Files\client</Filter>
    </ClCompile>
    <ClCompile Include="..\src\common\astar.c">
      <Filter>Source Files\common</Filter>
    </ClCompile>
    <ClCompile Include="..\src\client\sound\al.c">
      <Filter>Source Files\client\sound</Filter>
    </ClCompile>
    <ClCompile Include="..\src\client\sound\main.c">
      <Filter>Source Files\client\sound</Filter>
    </ClCompile>
    <ClCompile Include="..\src\client\entities.c">
      <Filter>Source Files\client</Filter>
    </ClCompile>
    <ClCompile Include="..\src\client\main.c">
      <Filter>Source Files\client</Filter>
    </ClCompile>
    <ClCompile Include="..\src\shared\hashset.c">
      <Filter>Source Files\shared</Filter>
    </ClCompile>
    <ClCompile Include="..\src\server\main.c">
      <Filter>Source Files\server</Filter>
    </ClCompile>
    <ClCompile Include="..\src\refresh\world.c">
      <Filter>Source Files\refresh</Filter>
    </ClCompile>
    <ClCompile Include="..\src\refresh\texture.c">
      <Filter>Source Files\refresh</Filter>
    </ClCompile>
    <ClCompile Include="..\src\refresh\tess.c">
      <Filter>Source Files\refresh</Filter>
    </ClCompile>
    <ClCompile Include="..\src\refresh\surf.c">
      <Filter>Source Files\refresh</Filter>
    </ClCompile>
    <ClCompile Include="..\src\refresh\state.c">
      <Filter>Source Files\refresh</Filter>
    </ClCompile>
    <ClCompile Include="..\src\refresh\sky.c">
      <Filter>Source Files\refresh</Filter>
    </ClCompile>
    <ClCompile Include="..\src\refresh\shader.c">
      <Filter>Source Files\refresh</Filter>
    </ClCompile>
    <ClCompile Include="..\src\refresh\models.c">
      <Filter>Source Files\refresh</Filter>
    </ClCompile>
    <ClCompile Include="..\src\refresh\mesh.c">
      <Filter>Source Files\refresh</Filter>
    </ClCompile>
    <ClCompile Include="..\src\refresh\main.c">
      <Filter>Source Files\refresh</Filter>
    </ClCompile>
    <ClCompile Include="..\src\refresh\images.c">
      <Filter>Source Files\refresh</Filter>
    </ClCompile>
    <ClCompile Include="..\src\refresh\hq2x.c">
      <Filter>Source Files\refresh</Filter>
    </ClCompile>
    <ClCompile Include="..\src\refresh\draw.c">
      <Filter>Source Files\refresh</Filter>
    </ClCompile>
    <ClCompile Include="..\src\client\sound\qal\dynamic.c">
      <Filter>Source Files\client\sound\qal</Filter>
    </ClCompile>
    <ClCompile Include="..\src\refresh\glad.c">
      <Filter>Source Files\refresh</Filter>
    </ClCompile>
    <ClCompile Include="..\src\windows\debug.c">
      <Filter>Source Files\windows</Filter>
    </ClCompile>
    <ClCompile Include="..\src\sdl\video.c">
      <Filter>Source Files\sdl</Filter>
    </ClCompile>
    <ClCompile Include="..\src\windows\system.c">
      <Filter>Source Files\windows</Filter>
    </ClCompile>
    <ClCompile Include="..\src\sdl\system.c">
      <Filter>Source Files\sdl</Filter>
    </ClCompile>
    <ClCompile Include="..\src\refresh\md2.c">
      <Filter>Source Files\refresh</Filter>
    </ClCompile>
    <ClCompile Include="..\src\refresh\wsc.c">
      <Filter>Source Files\refresh</Filter>
    </ClCompile>
    <ClCompile Include="..\src\refresh\mdl.c">
      <Filter>Source Files\refresh</Filter>
    </ClCompile>
    <ClCompile Include="..\src\format\md2.c">
      <Filter>Source Files\format</Filter>
    </ClCompile>
  </ItemGroup>
  <ItemGroup>
    <ClInclude Include="..\src\client\sound\sound.h">
      <Filter>Source Files\client\sound</Filter>
    </ClInclude>
    <ClInclude Include="..\src\client\client.h">
      <Filter>Source Files\client</Filter>
    </ClInclude>
    <ClInclude Include="..\src\client\ui\ui.h">
      <Filter>Source Files\client\ui</Filter>
    </ClInclude>
    <ClInclude Include="..\src\common\astar.h">
      <Filter>Source Files\common</Filter>
    </ClInclude>
    <ClInclude Include="..\src\common\net\inet_pton.h">
      <Filter>Source Files\common\net</Filter>
    </ClInclude>
    <ClInclude Include="..\src\common\net\inet_ntop.h">
      <Filter>Source Files\common\net</Filter>
    </ClInclude>
    <ClInclude Include="..\src\common\net\win.h">
      <Filter>Source Files\common\net</Filter>
    </ClInclude>
    <ClInclude Include="..\src\refresh\glad.h">
      <Filter>Source Files\refresh</Filter>
    </ClInclude>
    <ClInclude Include="..\src\refresh\images.h">
      <Filter>Source Files\refresh</Filter>
    </ClInclude>
    <ClInclude Include="..\src\refresh\arbfp.h">
      <Filter>Source Files\refresh</Filter>
    </ClInclude>
    <ClInclude Include="..\src\refresh\gl.h">
      <Filter>Source Files\refresh</Filter>
    </ClInclude>
    <ClInclude Include="..\inc\client\sound\sound.h">
      <Filter>Header Files\client\sound</Filter>
    </ClInclude>
    <ClInclude Include="..\inc\client\client.h">
      <Filter>Header Files\client</Filter>
    </ClInclude>
    <ClInclude Include="..\inc\client\input.h">
      <Filter>Header Files\client</Filter>
    </ClInclude>
    <ClInclude Include="..\inc\client\keys.h">
      <Filter>Header Files\client</Filter>
    </ClInclude>
    <ClInclude Include="..\inc\client\ui.h">
      <Filter>Header Files\client</Filter>
    </ClInclude>
    <ClInclude Include="..\inc\client\video.h">
      <Filter>Header Files\client</Filter>
    </ClInclude>
    <ClInclude Include="..\inc\common\net\chan.h">
      <Filter>Header Files\common\net</Filter>
    </ClInclude>
    <ClInclude Include="..\inc\common\net\net.h">
      <Filter>Header Files\common\net</Filter>
    </ClInclude>
    <ClInclude Include="..\inc\common\bsp.h">
      <Filter>Header Files\common</Filter>
    </ClInclude>
    <ClInclude Include="..\inc\common\cmd.h">
      <Filter>Header Files\common</Filter>
    </ClInclude>
    <ClInclude Include="..\inc\common\cmodel.h">
      <Filter>Header Files\common</Filter>
    </ClInclude>
    <ClInclude Include="..\inc\common\common.h">
      <Filter>Header Files\common</Filter>
    </ClInclude>
    <ClInclude Include="..\inc\common\cvar.h">
      <Filter>Header Files\common</Filter>
    </ClInclude>
    <ClInclude Include="..\inc\common\error.h">
      <Filter>Header Files\common</Filter>
    </ClInclude>
    <ClInclude Include="..\inc\common\field.h">
      <Filter>Header Files\common</Filter>
    </ClInclude>
    <ClInclude Include="..\inc\common\fifo.h">
      <Filter>Header Files\common</Filter>
    </ClInclude>
    <ClInclude Include="..\inc\common\files.h">
      <Filter>Header Files\common</Filter>
    </ClInclude>
    <ClInclude Include="..\inc\common\math.h">
      <Filter>Header Files\common</Filter>
    </ClInclude>
    <ClInclude Include="..\inc\common\mdfour.h">
      <Filter>Header Files\common</Filter>
    </ClInclude>
    <ClInclude Include="..\inc\common\modelscript.h">
      <Filter>Header Files\common</Filter>
    </ClInclude>
    <ClInclude Include="..\inc\common\msg.h">
      <Filter>Header Files\common</Filter>
    </ClInclude>
    <ClInclude Include="..\inc\common\nav.h">
      <Filter>Header Files\common</Filter>
    </ClInclude>
    <ClInclude Include="..\inc\common\picscript.h">
      <Filter>Header Files\common</Filter>
    </ClInclude>
    <ClInclude Include="..\inc\common\pmove.h">
      <Filter>Header Files\common</Filter>
    </ClInclude>
    <ClInclude Include="..\inc\common\prompt.h">
      <Filter>Header Files\common</Filter>
    </ClInclude>
    <ClInclude Include="..\inc\common\protocol.h">
      <Filter>Header Files\common</Filter>
    </ClInclude>
    <ClInclude Include="..\inc\common\sizebuf.h">
      <Filter>Header Files\common</Filter>
    </ClInclude>
    <ClInclude Include="..\inc\common\soundscript.h">
      <Filter>Header Files\common</Filter>
    </ClInclude>
    <ClInclude Include="..\inc\common\tests.h">
      <Filter>Header Files\common</Filter>
    </ClInclude>
    <ClInclude Include="..\inc\common\utils.h">
      <Filter>Header Files\common</Filter>
    </ClInclude>
    <ClInclude Include="..\inc\common\zone.h">
      <Filter>Header Files\common</Filter>
    </ClInclude>
    <ClInclude Include="..\inc\format\bsp.h">
      <Filter>Header Files\format</Filter>
    </ClInclude>
    <ClInclude Include="..\inc\format\md2.h">
      <Filter>Header Files\format</Filter>
    </ClInclude>
    <ClInclude Include="..\inc\format\md3.h">
      <Filter>Header Files\format</Filter>
    </ClInclude>
    <ClInclude Include="..\inc\format\mdl.h">
      <Filter>Header Files\format</Filter>
    </ClInclude>
    <ClInclude Include="..\inc\format\pak.h">
      <Filter>Header Files\format</Filter>
    </ClInclude>
    <ClInclude Include="..\inc\format\pcx.h">
      <Filter>Header Files\format</Filter>
    </ClInclude>
    <ClInclude Include="..\inc\format\sp2.h">
      <Filter>Header Files\format</Filter>
    </ClInclude>
    <ClInclude Include="..\inc\format\spr.h">
      <Filter>Header Files\format</Filter>
    </ClInclude>
    <ClInclude Include="..\inc\format\wal.h">
      <Filter>Header Files\format</Filter>
    </ClInclude>
    <ClInclude Include="..\inc\refresh\refresh.h">
      <Filter>Header Files\refresh</Filter>
    </ClInclude>
    <ClInclude Include="..\inc\server\server.h">
      <Filter>Header Files\server</Filter>
    </ClInclude>
    <ClInclude Include="..\inc\shared\list.h">
      <Filter>Header Files\shared</Filter>
    </ClInclude>
    <ClInclude Include="..\inc\shared\platform.h">
      <Filter>Header Files\shared</Filter>
    </ClInclude>
    <ClInclude Include="..\inc\shared\shared.h">
      <Filter>Header Files\shared</Filter>
    </ClInclude>
    <ClInclude Include="..\inc\shared\game.h">
      <Filter>Header Files\shared</Filter>
    </ClInclude>
    <ClInclude Include="..\inc\shared\hashset.h">
      <Filter>Header Files\shared</Filter>
    </ClInclude>
    <ClInclude Include="..\inc\system\system.h">
      <Filter>Header Files\system</Filter>
    </ClInclude>
    <ClInclude Include="..\src\windows\client.h">
      <Filter>Source Files\windows</Filter>
    </ClInclude>
    <ClInclude Include="..\src\server\server.h">
      <Filter>Source Files\server</Filter>
    </ClInclude>
    <ClInclude Include="..\src\refresh\models.h">
      <Filter>Source Files\refresh</Filter>
    </ClInclude>
  </ItemGroup>
</Project>